
Microsoft Visual Studio Solution File, Format Version 12.00
# Visual Studio 14
VisualStudioVersion = 14.0.25420.1
MinimumVisualStudioVersion = 10.0.40219.1
Project("{8BC9CEB8-8B4A-11D0-8D11-00A0C91BC942}") = "RenderUtils", "RenderUtils\RenderUtils.vcxproj", "{AD1E0D7E-E846-4E51-B1C6-294030C99A93}"
EndProject
Project("{8BC9CEB8-8B4A-11D0-8D11-00A0C91BC942}") = "TriangleTest", "TriangleTest\TriangleTest.vcxproj", "{0EA460C9-403C-4368-A023-DF1E3264BFC8}"
	ProjectSection(ProjectDependencies) = postProject
		{AD1E0D7E-E846-4E51-B1C6-294030C99A93} = {AD1E0D7E-E846-4E51-B1C6-294030C99A93}
	EndProjectSection
EndProject
Project("{8BC9CEB8-8B4A-11D0-8D11-00A0C91BC942}") = "CameraTest", "CameraTest\CameraTest.vcxproj", "{6D362FD9-D581-4867-A797-4B70547A469B}"
	ProjectSection(ProjectDependencies) = postProject
		{AD1E0D7E-E846-4E51-B1C6-294030C99A93} = {AD1E0D7E-E846-4E51-B1C6-294030C99A93}
	EndProjectSection
EndProject
Global
	GlobalSection(SolutionConfigurationPlatforms) = preSolution
		Debug|x64 = Debug|x64
		Debug|x86 = Debug|x86
		Release|x64 = Release|x64
		Release|x86 = Release|x86
	EndGlobalSection
	GlobalSection(ProjectConfigurationPlatforms) = postSolution
		{AD1E0D7E-E846-4E51-B1C6-294030C99A93}.Debug|x64.ActiveCfg = Debug|x64
		{AD1E0D7E-E846-4E51-B1C6-294030C99A93}.Debug|x64.Build.0 = Debug|x64
		{AD1E0D7E-E846-4E51-B1C6-294030C99A93}.Debug|x86.ActiveCfg = Debug|Win32
		{AD1E0D7E-E846-4E51-B1C6-294030C99A93}.Debug|x86.Build.0 = Debug|Win32
		{AD1E0D7E-E846-4E51-B1C6-294030C99A93}.Release|x64.ActiveCfg = Release|x64
		{AD1E0D7E-E846-4E51-B1C6-294030C99A93}.Release|x64.Build.0 = Release|x64
		{AD1E0D7E-E846-4E51-B1C6-294030C99A93}.Release|x86.ActiveCfg = Release|Win32
		{AD1E0D7E-E846-4E51-B1C6-294030C99A93}.Release|x86.Build.0 = Release|Win32
		{0EA460C9-403C-4368-A023-DF1E3264BFC8}.Debug|x64.ActiveCfg = Debug|x64
		{0EA460C9-403C-4368-A023-DF1E3264BFC8}.Debug|x64.Build.0 = Debug|x64
		{0EA460C9-403C-4368-A023-DF1E3264BFC8}.Debug|x86.ActiveCfg = Debug|Win32
		{0EA460C9-403C-4368-A023-DF1E3264BFC8}.Debug|x86.Build.0 = Debug|Win32
		{0EA460C9-403C-4368-A023-DF1E3264BFC8}.Release|x64.ActiveCfg = Release|x64
		{0EA460C9-403C-4368-A023-DF1E3264BFC8}.Release|x64.Build.0 = Release|x64
		{0EA460C9-403C-4368-A023-DF1E3264BFC8}.Release|x86.ActiveCfg = Release|Win32
		{0EA460C9-403C-4368-A023-DF1E3264BFC8}.Release|x86.Build.0 = Release|Win32
		{6D362FD9-D581-4867-A797-4B70547A469B}.Debug|x64.ActiveCfg = Debug|x64
		{6D362FD9-D581-4867-A797-4B70547A469B}.Debug|x64.Build.0 = Debug|x64
		{6D362FD9-D581-4867-A797-4B70547A469B}.Debug|x86.ActiveCfg = Debug|Win32
		{6D362FD9-D581-4867-A797-4B70547A469B}.Debug|x86.Build.0 = Debug|Win32
		{6D362FD9-D581-4867-A797-4B70547A469B}.Release|x64.ActiveCfg = Release|x64
		{6D362FD9-D581-4867-A797-4B70547A469B}.Release|x64.Build.0 = Release|x64
		{6D362FD9-D581-4867-A797-4B70547A469B}.Release|x86.ActiveCfg = Release|Win32
		{6D362FD9-D581-4867-A797-4B70547A469B}.Release|x86.Build.0 = Release|Win32
	EndGlobalSection
	GlobalSection(SolutionProperties) = preSolution
		HideSolutionNode = FALSE
	EndGlobalSection
EndGlobal
