<?xml version="1.0" encoding="utf-8"?>
<Project ToolsVersion="4.0" xmlns="http://schemas.microsoft.com/developer/msbuild/2003">
  <ItemGroup>
    <Filter Include="Source Files">
      <UniqueIdentifier>{4FC737F1-C7A5-4376-A066-2A32D752A2FF}</UniqueIdentifier>
      <Extensions>cpp;c;cc;cxx;def;odl;idl;hpj;bat;asm;asmx</Extensions>
    </Filter>
    <Filter Include="Header Files">
      <UniqueIdentifier>{93995380-89BD-4b04-88EB-625FBE52EBFB}</UniqueIdentifier>
      <Extensions>h;hh;hpp;hxx;hm;inl;inc;xsd</Extensions>
    </Filter>
    <Filter Include="Resource Files">
      <UniqueIdentifier>{67DA6AB6-F800-4c08-8B7A-83BB121AAD01}</UniqueIdentifier>
      <Extensions>rc;ico;cur;bmp;dlg;rc2;rct;bin;rgs;gif;jpg;jpeg;jpe;resx;tiff;tif;png;wav;mfcribbon-ms</Extensions>
    </Filter>
  </ItemGroup>
  <ItemGroup>
    <None Include="cameraFrag.glsl" />
    <None Include="postFrag.glsl" />
    <None Include="postVert.glsl" />
    <None Include="simple.frag" />
    <None Include="simple.vert" />
    <None Include="gpass.vert" />
    <None Include="gpass.frag" />
    <None Include="quad.frag" />
    <None Include="quad.vert" />
    <None Include="lpass.vert" />
    <None Include="lpass.frag" />
    <None Include="blur.vert" />
    <None Include="blur.frag" />
  </ItemGroup>
  <ItemGroup>
    <Text Include="cameraVert.txt" />
    <Text Include="phongVert.glsl" />
    <Text Include="phongFrag.glsl" />
    <Text Include="simpleFrag.txt" />
    <Text Include="simpleVert.txt" />
    <Text Include="textureFrag.txt" />
    <Text Include="textureVert.txt" />
  </ItemGroup>
</Project>